
Microsoft Visual Studio Solution File, Format Version 12.00
# Visual Studio 2013
VisualStudioVersion = 12.0.21005.1
MinimumVisualStudioVersion = 10.0.40219.1
Project("{FAE04EC0-301F-11D3-BF4B-00C04F79EFBC}") = "PartOne", "PartOne\PartOne.csproj", "{5E215B9F-C444-4BD0-8AA5-45BF2E9CD923}"
EndProject
Project("{FAE04EC0-301F-11D3-BF4B-00C04F79EFBC}") = "PartTwo", "PartTwo\PartTwo.csproj", "{32F27B9B-2DA9-434A-BB6C-9861AAB9ADD3}"
EndProject
Global
	GlobalSection(SolutionConfigurationPlatforms) = preSolution
		Debug|Any CPU = Debug|Any CPU
		Release|Any CPU = Release|Any CPU
	EndGlobalSection
	GlobalSection(ProjectConfigurationPlatforms) = postSolution
		{5E215B9F-C444-4BD0-8AA5-45BF2E9CD923}.Debug|Any CPU.ActiveCfg = Debug|Any CPU
		{5E215B9F-C444-4BD0-8AA5-45BF2E9CD923}.Debug|Any CPU.Build.0 = Debug|Any CPU
		{5E215B9F-C444-4BD0-8AA5-45BF2E9CD923}.Release|Any CPU.ActiveCfg = Release|Any CPU
		{5E215B9F-C444-4BD0-8AA5-45BF2E9CD923}.Release|Any CPU.Build.0 = Release|Any CPU
		{32F27B9B-2DA9-434A-BB6C-9861AAB9ADD3}.Debug|Any CPU.ActiveCfg = Debug|Any CPU
		{32F27B9B-2DA9-434A-BB6C-9861AAB9ADD3}.Debug|Any CPU.Build.0 = Debug|Any CPU
		{32F27B9B-2DA9-434A-BB6C-9861AAB9ADD3}.Release|Any CPU.ActiveCfg = Release|Any CPU
		{32F27B9B-2DA9-434A-BB6C-9861AAB9ADD3}.Release|Any CPU.Build.0 = Release|Any CPU
	EndGlobalSection
	GlobalSection(SolutionProperties) = preSolution
		HideSolutionNode = FALSE
	EndGlobalSection
EndGlobal
